
Microsoft Visual Studio Solution File, Format Version 12.00
# Visual Studio Version 17
VisualStudioVersion = 17.9.34902.65
MinimumVisualStudioVersion = 10.0.40219.1
Project("{FAE04EC0-301F-11D3-BF4B-00C04F79EFBC}") = "fitness-db", "fitness-db\fitness-db.csproj", "{5FDFA481-9B34-4749-B55B-BB09A30E411F}"
EndProject
Global
	GlobalSection(SolutionConfigurationPlatforms) = preSolution
		Debug|Any CPU = Debug|Any CPU
		Release|Any CPU = Release|Any CPU
	EndGlobalSection
	GlobalSection(ProjectConfigurationPlatforms) = postSolution
		{5FDFA481-9B34-4749-B55B-BB09A30E411F}.Debug|Any CPU.ActiveCfg = Debug|Any CPU
		{5FDFA481-9B34-4749-B55B-BB09A30E411F}.Debug|Any CPU.Build.0 = Debug|Any CPU
		{5FDFA481-9B34-4749-B55B-BB09A30E411F}.Release|Any CPU.ActiveCfg = Release|Any CPU
		{5FDFA481-9B34-4749-B55B-BB09A30E411F}.Release|Any CPU.Build.0 = Release|Any CPU
	EndGlobalSection
	GlobalSection(SolutionProperties) = preSolution
		HideSolutionNode = FALSE
	EndGlobalSection
	GlobalSection(ExtensibilityGlobals) = postSolution
		SolutionGuid = {51BE4212-D736-4546-9173-E82EFD28386C}
	EndGlobalSection
EndGlobal
